
Microsoft Visual Studio Solution File, Format Version 12.00
# Visual Studio 15
VisualStudioVersion = 15.0.27703.2000
MinimumVisualStudioVersion = 10.0.40219.1
Project("{9A19103F-16F7-4668-BE54-9A1E7A4F7556}") = "System.Collections.Dimensions", "System.Collections.Dimensions\System.Collections.Dimensions.csproj", "{1A276506-2980-4103-A69F-6F1A6C71FFAC}"
EndProject
Project("{FAE04EC0-301F-11D3-BF4B-00C04F79EFBC}") = "System.Collections.Dimensions.Tests", "System.Collections.Dimensions.Tests\System.Collections.Dimensions.Tests.csproj", "{5C0D6AEC-CFAF-4E6D-9D00-521FF2B0D80D}"
EndProject
Global
	GlobalSection(SolutionConfigurationPlatforms) = preSolution
		Debug|Any CPU = Debug|Any CPU
		Release|Any CPU = Release|Any CPU
	EndGlobalSection
	GlobalSection(ProjectConfigurationPlatforms) = postSolution
		{1A276506-2980-4103-A69F-6F1A6C71FFAC}.Debug|Any CPU.ActiveCfg = Debug|Any CPU
		{1A276506-2980-4103-A69F-6F1A6C71FFAC}.Debug|Any CPU.Build.0 = Debug|Any CPU
		{1A276506-2980-4103-A69F-6F1A6C71FFAC}.Release|Any CPU.ActiveCfg = Release|Any CPU
		{1A276506-2980-4103-A69F-6F1A6C71FFAC}.Release|Any CPU.Build.0 = Release|Any CPU
		{5C0D6AEC-CFAF-4E6D-9D00-521FF2B0D80D}.Debug|Any CPU.ActiveCfg = Debug|Any CPU
		{5C0D6AEC-CFAF-4E6D-9D00-521FF2B0D80D}.Debug|Any CPU.Build.0 = Debug|Any CPU
		{5C0D6AEC-CFAF-4E6D-9D00-521FF2B0D80D}.Release|Any CPU.ActiveCfg = Release|Any CPU
		{5C0D6AEC-CFAF-4E6D-9D00-521FF2B0D80D}.Release|Any CPU.Build.0 = Release|Any CPU
	EndGlobalSection
	GlobalSection(SolutionProperties) = preSolution
		HideSolutionNode = FALSE
	EndGlobalSection
	GlobalSection(ExtensibilityGlobals) = postSolution
		SolutionGuid = {F8E7371F-19DD-434F-A3D2-60936F2C98DA}
	EndGlobalSection
EndGlobal
